{
  "name": "tikz.io",
  "version": "1.0.0",
  "lockfileVersion": 1,
  "requires": true,
  "dependencies": {
    "@types/node": {
      "version": "8.10.10",
      "resolved": "https://registry.npmjs.org/@types/node/-/node-8.10.10.tgz",
      "integrity": "sha512-p3W/hFzQs76RlYRIZsZc5a9bht6m0TspmWYYbKhRswmLnwj9fsE40EbuGifeu/XWR/c0UJQ1DDbvTxIsm/OOAA==",
      "dev": true
    }
  }
}
